
Microsoft Visual Studio Solution File, Format Version 12.00
# Visual Studio Version 17
VisualStudioVersion = 17.11.35312.102
MinimumVisualStudioVersion = 10.0.40219.1
Project("{FAE04EC0-301F-11D3-BF4B-00C04F79EFBC}") = "SQL-Manager", "SQL-Manager\SQL-Manager.csproj", "{253981AB-25C5-416A-ABF2-AFE7E992355B}"
EndProject
Global
	GlobalSection(SolutionConfigurationPlatforms) = preSolution
		Debug|Any CPU = Debug|Any CPU
		Release|Any CPU = Release|Any CPU
	EndGlobalSection
	GlobalSection(ProjectConfigurationPlatforms) = postSolution
		{253981AB-25C5-416A-ABF2-AFE7E992355B}.Debug|Any CPU.ActiveCfg = Debug|Any CPU
		{253981AB-25C5-416A-ABF2-AFE7E992355B}.Debug|Any CPU.Build.0 = Debug|Any CPU
		{253981AB-25C5-416A-ABF2-AFE7E992355B}.Release|Any CPU.ActiveCfg = Release|Any CPU
		{253981AB-25C5-416A-ABF2-AFE7E992355B}.Release|Any CPU.Build.0 = Release|Any CPU
	EndGlobalSection
	GlobalSection(SolutionProperties) = preSolution
		HideSolutionNode = FALSE
	EndGlobalSection
	GlobalSection(ExtensibilityGlobals) = postSolution
		SolutionGuid = {51C9CAC4-3051-469B-BBE8-BE4B419BF081}
	EndGlobalSection
EndGlobal
